// !$*UTF8*$!
{
	archiveVersion = 1;
	classes = {
	};
	objectVersion = 70;
	objects = {

/* Begin PBXBuildFile section */
		66E5046BF20C14D801E5977A /* Pods_SpotifyClone.framework in Frameworks */ = {isa = PBXBuildFile; fileRef = 68451124710FD000ABEE2EF5 /* Pods_SpotifyClone.framework */; };
		7104E7C02CD6BC8400B85345 /* LibraryPlaylistsViewController.swift in Sources */ = {isa = PBXBuildFile; fileRef = 7104E7BF2CD6BC8400B85345 /* LibraryPlaylistsViewController.swift */; };
		7104E7C22CD6BC9D00B85345 /* LibraryAlbumsViewController.swift in Sources */ = {isa = PBXBuildFile; fileRef = 7104E7C12CD6BC9D00B85345 /* LibraryAlbumsViewController.swift */; };
		7104E7C62CD6BF0400B85345 /* LibraryToggleView.swift in Sources */ = {isa = PBXBuildFile; fileRef = 7104E7C52CD6BF0400B85345 /* LibraryToggleView.swift */; };
		714AEDE72CC592DA007C2348 /* FeaturedPlaylistsResponse.swift in Sources */ = {isa = PBXBuildFile; fileRef = 714AEDE62CC592DA007C2348 /* FeaturedPlaylistsResponse.swift */; };
		714AEDE92CC59C03007C2348 /* RecommendedGenresResponse.swift in Sources */ = {isa = PBXBuildFile; fileRef = 714AEDE82CC59C03007C2348 /* RecommendedGenresResponse.swift */; };
		714AEDEC2CC59E56007C2348 /* RecommendationsResponse.swift in Sources */ = {isa = PBXBuildFile; fileRef = 714AEDEB2CC59E52007C2348 /* RecommendationsResponse.swift */; };
		715783612CD0223C00335AA4 /* PlaylistHeaderCollectionReusableView.swift in Sources */ = {isa = PBXBuildFile; fileRef = 715783602CD0223C00335AA4 /* PlaylistHeaderCollectionReusableView.swift */; };
		715783632CD024E800335AA4 /* PlaylistHeaderViewViewModel.swift in Sources */ = {isa = PBXBuildFile; fileRef = 715783622CD024E800335AA4 /* PlaylistHeaderViewViewModel.swift */; };
		71720B052CC58C5800B02EE1 /* NewReleasesResponse.swift in Sources */ = {isa = PBXBuildFile; fileRef = 71720B042CC58C5800B02EE1 /* NewReleasesResponse.swift */; };
		71720B072CC58D0B00B02EE1 /* APIImage.swift in Sources */ = {isa = PBXBuildFile; fileRef = 71720B062CC58D0B00B02EE1 /* APIImage.swift */; };
		717655422CC80048001E11DC /* NewReleasesCellViewModel.swift in Sources */ = {isa = PBXBuildFile; fileRef = 717655412CC80048001E11DC /* NewReleasesCellViewModel.swift */; };
		718330DE2CD2928400B8DA2C /* AllCategoriesResponse.swift in Sources */ = {isa = PBXBuildFile; fileRef = 718330DD2CD2927D00B8DA2C /* AllCategoriesResponse.swift */; };
		718330E02CD2976600B8DA2C /* CategoryCollectionViewCellViewModel.swift in Sources */ = {isa = PBXBuildFile; fileRef = 718330DF2CD2976600B8DA2C /* CategoryCollectionViewCellViewModel.swift */; };
		718330E22CD2988E00B8DA2C /* CategoryViewController.swift in Sources */ = {isa = PBXBuildFile; fileRef = 718330E12CD2988E00B8DA2C /* CategoryViewController.swift */; };
		719382282CD150D300BBC14E /* TitleHeaderCollectionReusableView.swift in Sources */ = {isa = PBXBuildFile; fileRef = 719382272CD150D300BBC14E /* TitleHeaderCollectionReusableView.swift */; };
		7193822A2CD157C800BBC14E /* AlbumTrackCollectionViewCell.swift in Sources */ = {isa = PBXBuildFile; fileRef = 719382292CD157BD00BBC14E /* AlbumTrackCollectionViewCell.swift */; };
		7193822C2CD1590500BBC14E /* AlbumCollectionViewCellViewModel.swift in Sources */ = {isa = PBXBuildFile; fileRef = 7193822B2CD1590500BBC14E /* AlbumCollectionViewCellViewModel.swift */; };
		7193822E2CD17D1800BBC14E /* CategoryCollectionViewCell.swift in Sources */ = {isa = PBXBuildFile; fileRef = 7193822D2CD17D1800BBC14E /* CategoryCollectionViewCell.swift */; };
		719750FE2CCAB02100809EBE /* AlbumViewController.swift in Sources */ = {isa = PBXBuildFile; fileRef = 719750FD2CCAB02100809EBE /* AlbumViewController.swift */; };
		719751002CCAB39C00809EBE /* AlbumDetailsResponse.swift in Sources */ = {isa = PBXBuildFile; fileRef = 719750FF2CCAB39C00809EBE /* AlbumDetailsResponse.swift */; };
		719751022CCAB81500809EBE /* PlaylistDetailsResponse.swift in Sources */ = {isa = PBXBuildFile; fileRef = 719751012CCAB81500809EBE /* PlaylistDetailsResponse.swift */; };
		71A3780A2CD476380087090F /* PlaybackPresenter.swift in Sources */ = {isa = PBXBuildFile; fileRef = 71A378092CD476380087090F /* PlaybackPresenter.swift */; };
		71A3780F2CD47C690087090F /* PlayerControlsView.swift in Sources */ = {isa = PBXBuildFile; fileRef = 71A3780E2CD47C690087090F /* PlayerControlsView.swift */; };
		71C875B02CD7F806003923B5 /* LibraryPlaylistsResponse.swift in Sources */ = {isa = PBXBuildFile; fileRef = 71C875AF2CD7F806003923B5 /* LibraryPlaylistsResponse.swift */; };
		71C875B22CD7F976003923B5 /* ActionLabelView.swift in Sources */ = {isa = PBXBuildFile; fileRef = 71C875B12CD7F976003923B5 /* ActionLabelView.swift */; };
		71CAD51F2CC9802D0095CBEE /* FeaturedPlaylistCellViewModel.swift in Sources */ = {isa = PBXBuildFile; fileRef = 71CAD51E2CC9802D0095CBEE /* FeaturedPlaylistCellViewModel.swift */; };
		71CAD5212CC980690095CBEE /* RecommendedTrackCellViewModel.swift in Sources */ = {isa = PBXBuildFile; fileRef = 71CAD5202CC980690095CBEE /* RecommendedTrackCellViewModel.swift */; };
		71CEA67C2CC19CF400B2DD52 /* Assets.xcassets in Resources */ = {isa = PBXBuildFile; fileRef = 71CEA6712CC19CF400B2DD52 /* Assets.xcassets */; };
		71CEA67D2CC19CF400B2DD52 /* LaunchScreen.storyboard in Resources */ = {isa = PBXBuildFile; fileRef = 71CEA6782CC19CF400B2DD52 /* LaunchScreen.storyboard */; };
		71CEA67F2CC19CF400B2DD52 /* HomeViewController.swift in Sources */ = {isa = PBXBuildFile; fileRef = 71CEA6572CC19CF400B2DD52 /* HomeViewController.swift */; };
		71CEA6802CC19CF400B2DD52 /* LibraryViewController.swift in Sources */ = {isa = PBXBuildFile; fileRef = 71CEA6582CC19CF400B2DD52 /* LibraryViewController.swift */; };
		71CEA6812CC19CF400B2DD52 /* SearchViewController.swift in Sources */ = {isa = PBXBuildFile; fileRef = 71CEA6592CC19CF400B2DD52 /* SearchViewController.swift */; };
		71CEA6822CC19CF400B2DD52 /* TabBarViewController.swift in Sources */ = {isa = PBXBuildFile; fileRef = 71CEA65A2CC19CF400B2DD52 /* TabBarViewController.swift */; };
		71CEA6832CC19CF400B2DD52 /* AuthViewController.swift in Sources */ = {isa = PBXBuildFile; fileRef = 71CEA65C2CC19CF400B2DD52 /* AuthViewController.swift */; };
		71CEA6842CC19CF400B2DD52 /* PlayerViewController.swift in Sources */ = {isa = PBXBuildFile; fileRef = 71CEA65D2CC19CF400B2DD52 /* PlayerViewController.swift */; };
		71CEA6852CC19CF400B2DD52 /* PlaylistViewController.swift in Sources */ = {isa = PBXBuildFile; fileRef = 71CEA65E2CC19CF400B2DD52 /* PlaylistViewController.swift */; };
		71CEA6862CC19CF400B2DD52 /* ProfileViewController.swift in Sources */ = {isa = PBXBuildFile; fileRef = 71CEA65F2CC19CF400B2DD52 /* ProfileViewController.swift */; };
		71CEA6872CC19CF400B2DD52 /* SearchResultsViewController.swift in Sources */ = {isa = PBXBuildFile; fileRef = 71CEA6602CC19CF400B2DD52 /* SearchResultsViewController.swift */; };
		71CEA6882CC19CF400B2DD52 /* SettingsViewController.swift in Sources */ = {isa = PBXBuildFile; fileRef = 71CEA6612CC19CF400B2DD52 /* SettingsViewController.swift */; };
		71CEA6892CC19CF400B2DD52 /* WelcomeViewController.swift in Sources */ = {isa = PBXBuildFile; fileRef = 71CEA6622CC19CF400B2DD52 /* WelcomeViewController.swift */; };
		71CEA68A2CC19CF400B2DD52 /* APICaller.swift in Sources */ = {isa = PBXBuildFile; fileRef = 71CEA6652CC19CF400B2DD52 /* APICaller.swift */; };
		71CEA68B2CC19CF400B2DD52 /* AuthManager.swift in Sources */ = {isa = PBXBuildFile; fileRef = 71CEA6662CC19CF400B2DD52 /* AuthManager.swift */; };
		71CEA68C2CC19CF400B2DD52 /* HapticsManager.swift in Sources */ = {isa = PBXBuildFile; fileRef = 71CEA6672CC19CF400B2DD52 /* HapticsManager.swift */; };
		71CEA68D2CC19CF400B2DD52 /* Artist.swift in Sources */ = {isa = PBXBuildFile; fileRef = 71CEA6692CC19CF400B2DD52 /* Artist.swift */; };
		71CEA68E2CC19CF400B2DD52 /* AudioTrack.swift in Sources */ = {isa = PBXBuildFile; fileRef = 71CEA66A2CC19CF400B2DD52 /* AudioTrack.swift */; };
		71CEA68F2CC19CF400B2DD52 /* AuthResponse.swift in Sources */ = {isa = PBXBuildFile; fileRef = 71CEA66B2CC19CF400B2DD52 /* AuthResponse.swift */; };
		71CEA6902CC19CF400B2DD52 /* Playlist.swift in Sources */ = {isa = PBXBuildFile; fileRef = 71CEA66C2CC19CF400B2DD52 /* Playlist.swift */; };
		71CEA6912CC19CF400B2DD52 /* SettingsModels.swift in Sources */ = {isa = PBXBuildFile; fileRef = 71CEA66D2CC19CF400B2DD52 /* SettingsModels.swift */; };
		71CEA6922CC19CF400B2DD52 /* UserProfile.swift in Sources */ = {isa = PBXBuildFile; fileRef = 71CEA66E2CC19CF400B2DD52 /* UserProfile.swift */; };
		71CEA6932CC19CF400B2DD52 /* AppDelegate.swift in Sources */ = {isa = PBXBuildFile; fileRef = 71CEA6702CC19CF400B2DD52 /* AppDelegate.swift */; };
		71CEA6942CC19CF400B2DD52 /* Constants.swift in Sources */ = {isa = PBXBuildFile; fileRef = 71CEA6722CC19CF400B2DD52 /* Constants.swift */; };
		71CEA6952CC19CF400B2DD52 /* Extensions.swift in Sources */ = {isa = PBXBuildFile; fileRef = 71CEA6732CC19CF400B2DD52 /* Extensions.swift */; };
		71CEA6962CC19CF400B2DD52 /* SceneDelegate.swift in Sources */ = {isa = PBXBuildFile; fileRef = 71CEA6742CC19CF400B2DD52 /* SceneDelegate.swift */; };
		71D27B3D2CDCC7AE0010654B /* LibraryAlbumsResponse.swift in Sources */ = {isa = PBXBuildFile; fileRef = 71D27B3C2CDCC7AE0010654B /* LibraryAlbumsResponse.swift */; };
		71DD45A42CD2B7DB00C0A119 /* SearchResultResponse.swift in Sources */ = {isa = PBXBuildFile; fileRef = 71DD45A32CD2B7D300C0A119 /* SearchResultResponse.swift */; };
		71DD45A62CD2B90700C0A119 /* SearchResult.swift in Sources */ = {isa = PBXBuildFile; fileRef = 71DD45A52CD2B90200C0A119 /* SearchResult.swift */; };
		71DD45AE2CD3E0F600C0A119 /* SearchResultDefaultTableViewCellViewModel.swift in Sources */ = {isa = PBXBuildFile; fileRef = 71DD45AD2CD3E0F600C0A119 /* SearchResultDefaultTableViewCellViewModel.swift */; };
		71DD45B22CD3E4BE00C0A119 /* SearchResultSubtitleTableViewCellViewModel.swift in Sources */ = {isa = PBXBuildFile; fileRef = 71DD45B12CD3E4BE00C0A119 /* SearchResultSubtitleTableViewCellViewModel.swift */; };
/* End PBXBuildFile section */

/* Begin PBXFileReference section */
		40CFB211B71412C802C81C39 /* Pods-SpotifyClone.release.xcconfig */ = {isa = PBXFileReference; includeInIndex = 1; lastKnownFileType = text.xcconfig; name = "Pods-SpotifyClone.release.xcconfig"; path = "Target Support Files/Pods-SpotifyClone/Pods-SpotifyClone.release.xcconfig"; sourceTree = "<group>"; };
		68451124710FD000ABEE2EF5 /* Pods_SpotifyClone.framework */ = {isa = PBXFileReference; explicitFileType = wrapper.framework; includeInIndex = 0; path = Pods_SpotifyClone.framework; sourceTree = BUILT_PRODUCTS_DIR; };
		7104E7BF2CD6BC8400B85345 /* LibraryPlaylistsViewController.swift */ = {isa = PBXFileReference; lastKnownFileType = sourcecode.swift; path = LibraryPlaylistsViewController.swift; sourceTree = "<group>"; };
		7104E7C12CD6BC9D00B85345 /* LibraryAlbumsViewController.swift */ = {isa = PBXFileReference; lastKnownFileType = sourcecode.swift; path = LibraryAlbumsViewController.swift; sourceTree = "<group>"; };
		7104E7C52CD6BF0400B85345 /* LibraryToggleView.swift */ = {isa = PBXFileReference; lastKnownFileType = sourcecode.swift; path = LibraryToggleView.swift; sourceTree = "<group>"; };
		713A85C42CC0358300FFBF22 /* SpotifyClone.app */ = {isa = PBXFileReference; explicitFileType = wrapper.application; includeInIndex = 0; path = SpotifyClone.app; sourceTree = BUILT_PRODUCTS_DIR; };
		714AEDE62CC592DA007C2348 /* FeaturedPlaylistsResponse.swift */ = {isa = PBXFileReference; lastKnownFileType = sourcecode.swift; path = FeaturedPlaylistsResponse.swift; sourceTree = "<group>"; };
		714AEDE82CC59C03007C2348 /* RecommendedGenresResponse.swift */ = {isa = PBXFileReference; lastKnownFileType = sourcecode.swift; path = RecommendedGenresResponse.swift; sourceTree = "<group>"; };
		714AEDEB2CC59E52007C2348 /* RecommendationsResponse.swift */ = {isa = PBXFileReference; lastKnownFileType = sourcecode.swift; path = RecommendationsResponse.swift; sourceTree = "<group>"; };
		715783602CD0223C00335AA4 /* PlaylistHeaderCollectionReusableView.swift */ = {isa = PBXFileReference; lastKnownFileType = sourcecode.swift; path = PlaylistHeaderCollectionReusableView.swift; sourceTree = "<group>"; };
		715783622CD024E800335AA4 /* PlaylistHeaderViewViewModel.swift */ = {isa = PBXFileReference; lastKnownFileType = sourcecode.swift; path = PlaylistHeaderViewViewModel.swift; sourceTree = "<group>"; };
		71720B042CC58C5800B02EE1 /* NewReleasesResponse.swift */ = {isa = PBXFileReference; lastKnownFileType = sourcecode.swift; path = NewReleasesResponse.swift; sourceTree = "<group>"; };
		71720B062CC58D0B00B02EE1 /* APIImage.swift */ = {isa = PBXFileReference; lastKnownFileType = sourcecode.swift; path = APIImage.swift; sourceTree = "<group>"; };
		717655412CC80048001E11DC /* NewReleasesCellViewModel.swift */ = {isa = PBXFileReference; lastKnownFileType = sourcecode.swift; path = NewReleasesCellViewModel.swift; sourceTree = "<group>"; };
		718330DD2CD2927D00B8DA2C /* AllCategoriesResponse.swift */ = {isa = PBXFileReference; lastKnownFileType = sourcecode.swift; path = AllCategoriesResponse.swift; sourceTree = "<group>"; };
		718330DF2CD2976600B8DA2C /* CategoryCollectionViewCellViewModel.swift */ = {isa = PBXFileReference; lastKnownFileType = sourcecode.swift; path = CategoryCollectionViewCellViewModel.swift; sourceTree = "<group>"; };
		718330E12CD2988E00B8DA2C /* CategoryViewController.swift */ = {isa = PBXFileReference; lastKnownFileType = sourcecode.swift; path = CategoryViewController.swift; sourceTree = "<group>"; };
		719382272CD150D300BBC14E /* TitleHeaderCollectionReusableView.swift */ = {isa = PBXFileReference; lastKnownFileType = sourcecode.swift; path = TitleHeaderCollectionReusableView.swift; sourceTree = "<group>"; };
		719382292CD157BD00BBC14E /* AlbumTrackCollectionViewCell.swift */ = {isa = PBXFileReference; lastKnownFileType = sourcecode.swift; path = AlbumTrackCollectionViewCell.swift; sourceTree = "<group>"; };
		7193822B2CD1590500BBC14E /* AlbumCollectionViewCellViewModel.swift */ = {isa = PBXFileReference; lastKnownFileType = sourcecode.swift; path = AlbumCollectionViewCellViewModel.swift; sourceTree = "<group>"; };
		7193822D2CD17D1800BBC14E /* CategoryCollectionViewCell.swift */ = {isa = PBXFileReference; lastKnownFileType = sourcecode.swift; path = CategoryCollectionViewCell.swift; sourceTree = "<group>"; };
		719750FD2CCAB02100809EBE /* AlbumViewController.swift */ = {isa = PBXFileReference; lastKnownFileType = sourcecode.swift; path = AlbumViewController.swift; sourceTree = "<group>"; };
		719750FF2CCAB39C00809EBE /* AlbumDetailsResponse.swift */ = {isa = PBXFileReference; lastKnownFileType = sourcecode.swift; path = AlbumDetailsResponse.swift; sourceTree = "<group>"; };
		719751012CCAB81500809EBE /* PlaylistDetailsResponse.swift */ = {isa = PBXFileReference; lastKnownFileType = sourcecode.swift; path = PlaylistDetailsResponse.swift; sourceTree = "<group>"; };
		71A378092CD476380087090F /* PlaybackPresenter.swift */ = {isa = PBXFileReference; lastKnownFileType = sourcecode.swift; path = PlaybackPresenter.swift; sourceTree = "<group>"; };
		71A3780E2CD47C690087090F /* PlayerControlsView.swift */ = {isa = PBXFileReference; lastKnownFileType = sourcecode.swift; path = PlayerControlsView.swift; sourceTree = "<group>"; };
		71C875AF2CD7F806003923B5 /* LibraryPlaylistsResponse.swift */ = {isa = PBXFileReference; lastKnownFileType = sourcecode.swift; path = LibraryPlaylistsResponse.swift; sourceTree = "<group>"; };
		71C875B12CD7F976003923B5 /* ActionLabelView.swift */ = {isa = PBXFileReference; lastKnownFileType = sourcecode.swift; path = ActionLabelView.swift; sourceTree = "<group>"; };
		71CAD51E2CC9802D0095CBEE /* FeaturedPlaylistCellViewModel.swift */ = {isa = PBXFileReference; lastKnownFileType = sourcecode.swift; path = FeaturedPlaylistCellViewModel.swift; sourceTree = "<group>"; };
		71CAD5202CC980690095CBEE /* RecommendedTrackCellViewModel.swift */ = {isa = PBXFileReference; lastKnownFileType = sourcecode.swift; path = RecommendedTrackCellViewModel.swift; sourceTree = "<group>"; };
		71CEA6572CC19CF400B2DD52 /* HomeViewController.swift */ = {isa = PBXFileReference; lastKnownFileType = sourcecode.swift; path = HomeViewController.swift; sourceTree = "<group>"; };
		71CEA6582CC19CF400B2DD52 /* LibraryViewController.swift */ = {isa = PBXFileReference; lastKnownFileType = sourcecode.swift; path = LibraryViewController.swift; sourceTree = "<group>"; };
		71CEA6592CC19CF400B2DD52 /* SearchViewController.swift */ = {isa = PBXFileReference; lastKnownFileType = sourcecode.swift; path = SearchViewController.swift; sourceTree = "<group>"; };
		71CEA65A2CC19CF400B2DD52 /* TabBarViewController.swift */ = {isa = PBXFileReference; lastKnownFileType = sourcecode.swift; path = TabBarViewController.swift; sourceTree = "<group>"; };
		71CEA65C2CC19CF400B2DD52 /* AuthViewController.swift */ = {isa = PBXFileReference; lastKnownFileType = sourcecode.swift; path = AuthViewController.swift; sourceTree = "<group>"; };
		71CEA65D2CC19CF400B2DD52 /* PlayerViewController.swift */ = {isa = PBXFileReference; lastKnownFileType = sourcecode.swift; path = PlayerViewController.swift; sourceTree = "<group>"; };
		71CEA65E2CC19CF400B2DD52 /* PlaylistViewController.swift */ = {isa = PBXFileReference; lastKnownFileType = sourcecode.swift; path = PlaylistViewController.swift; sourceTree = "<group>"; };
		71CEA65F2CC19CF400B2DD52 /* ProfileViewController.swift */ = {isa = PBXFileReference; lastKnownFileType = sourcecode.swift; path = ProfileViewController.swift; sourceTree = "<group>"; };
		71CEA6602CC19CF400B2DD52 /* SearchResultsViewController.swift */ = {isa = PBXFileReference; lastKnownFileType = sourcecode.swift; path = SearchResultsViewController.swift; sourceTree = "<group>"; };
		71CEA6612CC19CF400B2DD52 /* SettingsViewController.swift */ = {isa = PBXFileReference; lastKnownFileType = sourcecode.swift; path = SettingsViewController.swift; sourceTree = "<group>"; };
		71CEA6622CC19CF400B2DD52 /* WelcomeViewController.swift */ = {isa = PBXFileReference; lastKnownFileType = sourcecode.swift; path = WelcomeViewController.swift; sourceTree = "<group>"; };
		71CEA6652CC19CF400B2DD52 /* APICaller.swift */ = {isa = PBXFileReference; lastKnownFileType = sourcecode.swift; path = APICaller.swift; sourceTree = "<group>"; };
		71CEA6662CC19CF400B2DD52 /* AuthManager.swift */ = {isa = PBXFileReference; lastKnownFileType = sourcecode.swift; path = AuthManager.swift; sourceTree = "<group>"; };
		71CEA6672CC19CF400B2DD52 /* HapticsManager.swift */ = {isa = PBXFileReference; lastKnownFileType = sourcecode.swift; path = HapticsManager.swift; sourceTree = "<group>"; };
		71CEA6692CC19CF400B2DD52 /* Artist.swift */ = {isa = PBXFileReference; lastKnownFileType = sourcecode.swift; path = Artist.swift; sourceTree = "<group>"; };
		71CEA66A2CC19CF400B2DD52 /* AudioTrack.swift */ = {isa = PBXFileReference; lastKnownFileType = sourcecode.swift; path = AudioTrack.swift; sourceTree = "<group>"; };
		71CEA66B2CC19CF400B2DD52 /* AuthResponse.swift */ = {isa = PBXFileReference; lastKnownFileType = sourcecode.swift; path = AuthResponse.swift; sourceTree = "<group>"; };
		71CEA66C2CC19CF400B2DD52 /* Playlist.swift */ = {isa = PBXFileReference; lastKnownFileType = sourcecode.swift; path = Playlist.swift; sourceTree = "<group>"; };
		71CEA66D2CC19CF400B2DD52 /* SettingsModels.swift */ = {isa = PBXFileReference; lastKnownFileType = sourcecode.swift; path = SettingsModels.swift; sourceTree = "<group>"; };
		71CEA66E2CC19CF400B2DD52 /* UserProfile.swift */ = {isa = PBXFileReference; lastKnownFileType = sourcecode.swift; path = UserProfile.swift; sourceTree = "<group>"; };
		71CEA6702CC19CF400B2DD52 /* AppDelegate.swift */ = {isa = PBXFileReference; lastKnownFileType = sourcecode.swift; path = AppDelegate.swift; sourceTree = "<group>"; };
		71CEA6712CC19CF400B2DD52 /* Assets.xcassets */ = {isa = PBXFileReference; lastKnownFileType = folder.assetcatalog; path = Assets.xcassets; sourceTree = "<group>"; };
		71CEA6722CC19CF400B2DD52 /* Constants.swift */ = {isa = PBXFileReference; lastKnownFileType = sourcecode.swift; path = Constants.swift; sourceTree = "<group>"; };
		71CEA6732CC19CF400B2DD52 /* Extensions.swift */ = {isa = PBXFileReference; lastKnownFileType = sourcecode.swift; path = Extensions.swift; sourceTree = "<group>"; };
		71CEA6742CC19CF400B2DD52 /* SceneDelegate.swift */ = {isa = PBXFileReference; lastKnownFileType = sourcecode.swift; path = SceneDelegate.swift; sourceTree = "<group>"; };
		71CEA6772CC19CF400B2DD52 /* Base */ = {isa = PBXFileReference; lastKnownFileType = file.storyboard; name = Base; path = Base.lproj/LaunchScreen.storyboard; sourceTree = "<group>"; };
		71CEA67A2CC19CF400B2DD52 /* Info.plist */ = {isa = PBXFileReference; lastKnownFileType = text.plist.xml; path = Info.plist; sourceTree = "<group>"; };
		71D27B3C2CDCC7AE0010654B /* LibraryAlbumsResponse.swift */ = {isa = PBXFileReference; lastKnownFileType = sourcecode.swift; path = LibraryAlbumsResponse.swift; sourceTree = "<group>"; };
		71DD45A32CD2B7D300C0A119 /* SearchResultResponse.swift */ = {isa = PBXFileReference; lastKnownFileType = sourcecode.swift; path = SearchResultResponse.swift; sourceTree = "<group>"; };
		71DD45A52CD2B90200C0A119 /* SearchResult.swift */ = {isa = PBXFileReference; lastKnownFileType = sourcecode.swift; path = SearchResult.swift; sourceTree = "<group>"; };
		71DD45AD2CD3E0F600C0A119 /* SearchResultDefaultTableViewCellViewModel.swift */ = {isa = PBXFileReference; lastKnownFileType = sourcecode.swift; path = SearchResultDefaultTableViewCellViewModel.swift; sourceTree = "<group>"; };
		71DD45B12CD3E4BE00C0A119 /* SearchResultSubtitleTableViewCellViewModel.swift */ = {isa = PBXFileReference; lastKnownFileType = sourcecode.swift; path = SearchResultSubtitleTableViewCellViewModel.swift; sourceTree = "<group>"; };
		B192410D94B513EADF9FF21E /* Pods-SpotifyClone.debug.xcconfig */ = {isa = PBXFileReference; includeInIndex = 1; lastKnownFileType = text.xcconfig; name = "Pods-SpotifyClone.debug.xcconfig"; path = "Target Support Files/Pods-SpotifyClone/Pods-SpotifyClone.debug.xcconfig"; sourceTree = "<group>"; };
/* End PBXFileReference section */

/* Begin PBXFileSystemSynchronizedRootGroup section */
		716C20D82CC6ED2500A7BF7A /* Browse */ = {isa = PBXFileSystemSynchronizedRootGroup; explicitFileTypes = {}; explicitFolders = (); path = Browse; sourceTree = "<group>"; };
		71DD45AA2CD3DED900C0A119 /* SearchResultCells */ = {isa = PBXFileSystemSynchronizedRootGroup; explicitFileTypes = {}; explicitFolders = (); path = SearchResultCells; sourceTree = "<group>"; };
/* End PBXFileSystemSynchronizedRootGroup section */

/* Begin PBXFrameworksBuildPhase section */
		713A85C12CC0358300FFBF22 /* Frameworks */ = {
			isa = PBXFrameworksBuildPhase;
			buildActionMask = 2147483647;
			files = (
				66E5046BF20C14D801E5977A /* Pods_SpotifyClone.framework in Frameworks */,
			);
			runOnlyForDeploymentPostprocessing = 0;
		};
/* End PBXFrameworksBuildPhase section */

/* Begin PBXGroup section */
		7104E7BE2CD6BC6800B85345 /* Library */ = {
			isa = PBXGroup;
			children = (
				7104E7BF2CD6BC8400B85345 /* LibraryPlaylistsViewController.swift */,
				7104E7C12CD6BC9D00B85345 /* LibraryAlbumsViewController.swift */,
			);
			path = Library;
			sourceTree = "<group>";
		};
		7104E7C42CD6BEEE00B85345 /* Library */ = {
			isa = PBXGroup;
			children = (
				7104E7C52CD6BF0400B85345 /* LibraryToggleView.swift */,
			);
			path = Library;
			sourceTree = "<group>";
		};
		713A85BB2CC0358300FFBF22 = {
			isa = PBXGroup;
			children = (
				71CEA67B2CC19CF400B2DD52 /* SpotifyClone */,
				713A85C52CC0358300FFBF22 /* Products */,
				8736BA8C4516C1F734C8FD11 /* Pods */,
				897F68F98EF8501AE09D943B /* Frameworks */,
			);
			sourceTree = "<group>";
		};
		713A85C52CC0358300FFBF22 /* Products */ = {
			isa = PBXGroup;
			children = (
				713A85C42CC0358300FFBF22 /* SpotifyClone.app */,
			);
			name = Products;
			sourceTree = "<group>";
		};
		71A3780C2CD4763E0087090F /* Presenter */ = {
			isa = PBXGroup;
			children = (
				71A378092CD476380087090F /* PlaybackPresenter.swift */,
			);
			path = Presenter;
			sourceTree = "<group>";
		};
		71A3780D2CD47C570087090F /* Player */ = {
			isa = PBXGroup;
			children = (
				71A3780E2CD47C690087090F /* PlayerControlsView.swift */,
			);
			path = Player;
			sourceTree = "<group>";
		};
		71CEA65B2CC19CF400B2DD52 /* Core */ = {
			isa = PBXGroup;
			children = (
				71CEA6572CC19CF400B2DD52 /* HomeViewController.swift */,
				71CEA6582CC19CF400B2DD52 /* LibraryViewController.swift */,
				71CEA6592CC19CF400B2DD52 /* SearchViewController.swift */,
				71CEA65A2CC19CF400B2DD52 /* TabBarViewController.swift */,
			);
			path = Core;
			sourceTree = "<group>";
		};
		71CEA6632CC19CF400B2DD52 /* Other */ = {
			isa = PBXGroup;
			children = (
				71CEA65C2CC19CF400B2DD52 /* AuthViewController.swift */,
				71CEA65D2CC19CF400B2DD52 /* PlayerViewController.swift */,
				71CEA65E2CC19CF400B2DD52 /* PlaylistViewController.swift */,
				71CEA65F2CC19CF400B2DD52 /* ProfileViewController.swift */,
				71CEA6602CC19CF400B2DD52 /* SearchResultsViewController.swift */,
				71CEA6612CC19CF400B2DD52 /* SettingsViewController.swift */,
				71CEA6622CC19CF400B2DD52 /* WelcomeViewController.swift */,
				719750FD2CCAB02100809EBE /* AlbumViewController.swift */,
				718330E12CD2988E00B8DA2C /* CategoryViewController.swift */,
				7104E7BE2CD6BC6800B85345 /* Library */,
			);
			path = Other;
			sourceTree = "<group>";
		};
		71CEA6642CC19CF400B2DD52 /* Controllers */ = {
			isa = PBXGroup;
			children = (
				71CEA65B2CC19CF400B2DD52 /* Core */,
				71CEA6632CC19CF400B2DD52 /* Other */,
			);
			path = Controllers;
			sourceTree = "<group>";
		};
		71CEA6682CC19CF400B2DD52 /* Managers */ = {
			isa = PBXGroup;
			children = (
				71CEA6652CC19CF400B2DD52 /* APICaller.swift */,
				71CEA6662CC19CF400B2DD52 /* AuthManager.swift */,
				71CEA6672CC19CF400B2DD52 /* HapticsManager.swift */,
			);
			path = Managers;
			sourceTree = "<group>";
		};
		71CEA66F2CC19CF400B2DD52 /* Models */ = {
			isa = PBXGroup;
			children = (
				71DD45A52CD2B90200C0A119 /* SearchResult.swift */,
				71DD45A32CD2B7D300C0A119 /* SearchResultResponse.swift */,
				718330DD2CD2927D00B8DA2C /* AllCategoriesResponse.swift */,
				714AEDEB2CC59E52007C2348 /* RecommendationsResponse.swift */,
				71CEA6692CC19CF400B2DD52 /* Artist.swift */,
				71CEA66A2CC19CF400B2DD52 /* AudioTrack.swift */,
				71CEA66B2CC19CF400B2DD52 /* AuthResponse.swift */,
				71CEA66C2CC19CF400B2DD52 /* Playlist.swift */,
				71CEA66D2CC19CF400B2DD52 /* SettingsModels.swift */,
				71CEA66E2CC19CF400B2DD52 /* UserProfile.swift */,
				71720B062CC58D0B00B02EE1 /* APIImage.swift */,
				71720B042CC58C5800B02EE1 /* NewReleasesResponse.swift */,
				714AEDE62CC592DA007C2348 /* FeaturedPlaylistsResponse.swift */,
				714AEDE82CC59C03007C2348 /* RecommendedGenresResponse.swift */,
				719750FF2CCAB39C00809EBE /* AlbumDetailsResponse.swift */,
				719751012CCAB81500809EBE /* PlaylistDetailsResponse.swift */,
				71C875AF2CD7F806003923B5 /* LibraryPlaylistsResponse.swift */,
				71D27B3C2CDCC7AE0010654B /* LibraryAlbumsResponse.swift */,
			);
			path = Models;
			sourceTree = "<group>";
		};
		71CEA6752CC19CF400B2DD52 /* Resources */ = {
			isa = PBXGroup;
			children = (
				71CEA6702CC19CF400B2DD52 /* AppDelegate.swift */,
				71CEA6712CC19CF400B2DD52 /* Assets.xcassets */,
				71CEA6722CC19CF400B2DD52 /* Constants.swift */,
				71CEA6732CC19CF400B2DD52 /* Extensions.swift */,
				71CEA6742CC19CF400B2DD52 /* SceneDelegate.swift */,
			);
			path = Resources;
			sourceTree = "<group>";
		};
		71CEA6762CC19CF400B2DD52 /* ViewModels */ = {
			isa = PBXGroup;
			children = (
				717655412CC80048001E11DC /* NewReleasesCellViewModel.swift */,
				71CAD51E2CC9802D0095CBEE /* FeaturedPlaylistCellViewModel.swift */,
				71CAD5202CC980690095CBEE /* RecommendedTrackCellViewModel.swift */,
				715783622CD024E800335AA4 /* PlaylistHeaderViewViewModel.swift */,
				7193822B2CD1590500BBC14E /* AlbumCollectionViewCellViewModel.swift */,
				718330DF2CD2976600B8DA2C /* CategoryCollectionViewCellViewModel.swift */,
				71DD45AD2CD3E0F600C0A119 /* SearchResultDefaultTableViewCellViewModel.swift */,
				71DD45B12CD3E4BE00C0A119 /* SearchResultSubtitleTableViewCellViewModel.swift */,
			);
			path = ViewModels;
			sourceTree = "<group>";
		};
		71CEA6792CC19CF400B2DD52 /* Views */ = {
			isa = PBXGroup;
			children = (
				7104E7C42CD6BEEE00B85345 /* Library */,
				716C20D82CC6ED2500A7BF7A /* Browse */,
				71A3780D2CD47C570087090F /* Player */,
				71DD45AA2CD3DED900C0A119 /* SearchResultCells */,
				719382292CD157BD00BBC14E /* AlbumTrackCollectionViewCell.swift */,
				715783602CD0223C00335AA4 /* PlaylistHeaderCollectionReusableView.swift */,
				71CEA6782CC19CF400B2DD52 /* LaunchScreen.storyboard */,
				719382272CD150D300BBC14E /* TitleHeaderCollectionReusableView.swift */,
				7193822D2CD17D1800BBC14E /* CategoryCollectionViewCell.swift */,
				71C875B12CD7F976003923B5 /* ActionLabelView.swift */,
			);
			path = Views;
			sourceTree = "<group>";
		};
		71CEA67B2CC19CF400B2DD52 /* SpotifyClone */ = {
			isa = PBXGroup;
			children = (
				71A3780C2CD4763E0087090F /* Presenter */,
				71CEA6642CC19CF400B2DD52 /* Controllers */,
				71CEA6682CC19CF400B2DD52 /* Managers */,
				71CEA66F2CC19CF400B2DD52 /* Models */,
				71CEA6752CC19CF400B2DD52 /* Resources */,
				71CEA6762CC19CF400B2DD52 /* ViewModels */,
				71CEA6792CC19CF400B2DD52 /* Views */,
				71CEA67A2CC19CF400B2DD52 /* Info.plist */,
			);
			path = SpotifyClone;
			sourceTree = "<group>";
		};
		8736BA8C4516C1F734C8FD11 /* Pods */ = {
			isa = PBXGroup;
			children = (
				B192410D94B513EADF9FF21E /* Pods-SpotifyClone.debug.xcconfig */,
				40CFB211B71412C802C81C39 /* Pods-SpotifyClone.release.xcconfig */,
			);
			path = Pods;
			sourceTree = "<group>";
		};
		897F68F98EF8501AE09D943B /* Frameworks */ = {
			isa = PBXGroup;
			children = (
				68451124710FD000ABEE2EF5 /* Pods_SpotifyClone.framework */,
			);
			name = Frameworks;
			sourceTree = "<group>";
		};
/* End PBXGroup section */

/* Begin PBXNativeTarget section */
		713A85C32CC0358300FFBF22 /* SpotifyClone */ = {
			isa = PBXNativeTarget;
			buildConfigurationList = 713A85D72CC0358400FFBF22 /* Build configuration list for PBXNativeTarget "SpotifyClone" */;
			buildPhases = (
				67BAEA89E82A5187DD7E4E7D /* [CP] Check Pods Manifest.lock */,
				713A85C02CC0358300FFBF22 /* Sources */,
				713A85C12CC0358300FFBF22 /* Frameworks */,
				713A85C22CC0358300FFBF22 /* Resources */,
				BFC30F3A47BFED8F715D68D3 /* [CP] Embed Pods Frameworks */,
			);
			buildRules = (
			);
			dependencies = (
			);
			fileSystemSynchronizedGroups = (
				716C20D82CC6ED2500A7BF7A /* Browse */,
				71DD45AA2CD3DED900C0A119 /* SearchResultCells */,
			);
			name = SpotifyClone;
			productName = SpotifyClone;
			productReference = 713A85C42CC0358300FFBF22 /* SpotifyClone.app */;
			productType = "com.apple.product-type.application";
		};
/* End PBXNativeTarget section */

/* Begin PBXProject section */
		713A85BC2CC0358300FFBF22 /* Project object */ = {
			isa = PBXProject;
			attributes = {
				BuildIndependentTargetsInParallel = 1;
				LastSwiftUpdateCheck = 1600;
				LastUpgradeCheck = 1600;
				TargetAttributes = {
					713A85C32CC0358300FFBF22 = {
						CreatedOnToolsVersion = 16.0;
					};
				};
			};
			buildConfigurationList = 713A85BF2CC0358300FFBF22 /* Build configuration list for PBXProject "SpotifyClone" */;
			compatibilityVersion = "Xcode 14.0";
			developmentRegion = en;
			hasScannedForEncodings = 0;
			knownRegions = (
				en,
				Base,
			);
			mainGroup = 713A85BB2CC0358300FFBF22;
			productRefGroup = 713A85C52CC0358300FFBF22 /* Products */;
			projectDirPath = "";
			projectRoot = "";
			targets = (
				713A85C32CC0358300FFBF22 /* SpotifyClone */,
			);
		};
/* End PBXProject section */

/* Begin PBXResourcesBuildPhase section */
		713A85C22CC0358300FFBF22 /* Resources */ = {
			isa = PBXResourcesBuildPhase;
			buildActionMask = 2147483647;
			files = (
				71CEA67C2CC19CF400B2DD52 /* Assets.xcassets in Resources */,
				71CEA67D2CC19CF400B2DD52 /* LaunchScreen.storyboard in Resources */,
			);
			runOnlyForDeploymentPostprocessing = 0;
		};
/* End PBXResourcesBuildPhase section */

/* Begin PBXShellScriptBuildPhase section */
		67BAEA89E82A5187DD7E4E7D /* [CP] Check Pods Manifest.lock */ = {
			isa = PBXShellScriptBuildPhase;
			buildActionMask = 2147483647;
			files = (
			);
			inputFileListPaths = (
			);
			inputPaths = (
				"${PODS_PODFILE_DIR_PATH}/Podfile.lock",
				"${PODS_ROOT}/Manifest.lock",
			);
			name = "[CP] Check Pods Manifest.lock";
			outputFileListPaths = (
			);
			outputPaths = (
				"$(DERIVED_FILE_DIR)/Pods-SpotifyClone-checkManifestLockResult.txt",
			);
			runOnlyForDeploymentPostprocessing = 0;
			shellPath = /bin/sh;
			shellScript = "diff \"${PODS_PODFILE_DIR_PATH}/Podfile.lock\" \"${PODS_ROOT}/Manifest.lock\" > /dev/null\nif [ $? != 0 ] ; then\n    # print error to STDERR\n    echo \"error: The sandbox is not in sync with the Podfile.lock. Run 'pod install' or update your CocoaPods installation.\" >&2\n    exit 1\nfi\n# This output is used by Xcode 'outputs' to avoid re-running this script phase.\necho \"SUCCESS\" > \"${SCRIPT_OUTPUT_FILE_0}\"\n";
			showEnvVarsInLog = 0;
		};
		BFC30F3A47BFED8F715D68D3 /* [CP] Embed Pods Frameworks */ = {
			isa = PBXShellScriptBuildPhase;
			buildActionMask = 2147483647;
			files = (
			);
			inputFileListPaths = (
				"${PODS_ROOT}/Target Support Files/Pods-SpotifyClone/Pods-SpotifyClone-frameworks-${CONFIGURATION}-input-files.xcfilelist",
			);
			name = "[CP] Embed Pods Frameworks";
			outputFileListPaths = (
				"${PODS_ROOT}/Target Support Files/Pods-SpotifyClone/Pods-SpotifyClone-frameworks-${CONFIGURATION}-output-files.xcfilelist",
			);
			runOnlyForDeploymentPostprocessing = 0;
			shellPath = /bin/sh;
			shellScript = "\"${PODS_ROOT}/Target Support Files/Pods-SpotifyClone/Pods-SpotifyClone-frameworks.sh\"\n";
			showEnvVarsInLog = 0;
		};
/* End PBXShellScriptBuildPhase section */

/* Begin PBXSourcesBuildPhase section */
		713A85C02CC0358300FFBF22 /* Sources */ = {
			isa = PBXSourcesBuildPhase;
			buildActionMask = 2147483647;
			files = (
				717655422CC80048001E11DC /* NewReleasesCellViewModel.swift in Sources */,
				718330E02CD2976600B8DA2C /* CategoryCollectionViewCellViewModel.swift in Sources */,
				71CEA67F2CC19CF400B2DD52 /* HomeViewController.swift in Sources */,
				71CEA6802CC19CF400B2DD52 /* LibraryViewController.swift in Sources */,
				71CEA6812CC19CF400B2DD52 /* SearchViewController.swift in Sources */,
				71CAD5212CC980690095CBEE /* RecommendedTrackCellViewModel.swift in Sources */,
				71CAD51F2CC9802D0095CBEE /* FeaturedPlaylistCellViewModel.swift in Sources */,
				7104E7C22CD6BC9D00B85345 /* LibraryAlbumsViewController.swift in Sources */,
				71CEA6822CC19CF400B2DD52 /* TabBarViewController.swift in Sources */,
				71C875B22CD7F976003923B5 /* ActionLabelView.swift in Sources */,
				714AEDE92CC59C03007C2348 /* RecommendedGenresResponse.swift in Sources */,
				71CEA6832CC19CF400B2DD52 /* AuthViewController.swift in Sources */,
				71CEA6842CC19CF400B2DD52 /* PlayerViewController.swift in Sources */,
				71720B072CC58D0B00B02EE1 /* APIImage.swift in Sources */,
				71CEA6852CC19CF400B2DD52 /* PlaylistViewController.swift in Sources */,
				718330DE2CD2928400B8DA2C /* AllCategoriesResponse.swift in Sources */,
				719750FE2CCAB02100809EBE /* AlbumViewController.swift in Sources */,
				7193822C2CD1590500BBC14E /* AlbumCollectionViewCellViewModel.swift in Sources */,
				71720B052CC58C5800B02EE1 /* NewReleasesResponse.swift in Sources */,
				71CEA6862CC19CF400B2DD52 /* ProfileViewController.swift in Sources */,
				719382282CD150D300BBC14E /* TitleHeaderCollectionReusableView.swift in Sources */,
				71CEA6872CC19CF400B2DD52 /* SearchResultsViewController.swift in Sources */,
				71A3780F2CD47C690087090F /* PlayerControlsView.swift in Sources */,
				71CEA6882CC19CF400B2DD52 /* SettingsViewController.swift in Sources */,
				71DD45AE2CD3E0F600C0A119 /* SearchResultDefaultTableViewCellViewModel.swift in Sources */,
				71CEA6892CC19CF400B2DD52 /* WelcomeViewController.swift in Sources */,
				71CEA68A2CC19CF400B2DD52 /* APICaller.swift in Sources */,
				7193822E2CD17D1800BBC14E /* CategoryCollectionViewCell.swift in Sources */,
				71D27B3D2CDCC7AE0010654B /* LibraryAlbumsResponse.swift in Sources */,
				71CEA68B2CC19CF400B2DD52 /* AuthManager.swift in Sources */,
				715783612CD0223C00335AA4 /* PlaylistHeaderCollectionReusableView.swift in Sources */,
				71CEA68C2CC19CF400B2DD52 /* HapticsManager.swift in Sources */,
				71CEA68D2CC19CF400B2DD52 /* Artist.swift in Sources */,
				7104E7C62CD6BF0400B85345 /* LibraryToggleView.swift in Sources */,
				71CEA68E2CC19CF400B2DD52 /* AudioTrack.swift in Sources */,
				71CEA68F2CC19CF400B2DD52 /* AuthResponse.swift in Sources */,
				71CEA6902CC19CF400B2DD52 /* Playlist.swift in Sources */,
				71CEA6912CC19CF400B2DD52 /* SettingsModels.swift in Sources */,
				71DD45B22CD3E4BE00C0A119 /* SearchResultSubtitleTableViewCellViewModel.swift in Sources */,
				7104E7C02CD6BC8400B85345 /* LibraryPlaylistsViewController.swift in Sources */,
				71CEA6922CC19CF400B2DD52 /* UserProfile.swift in Sources */,
				71DD45A62CD2B90700C0A119 /* SearchResult.swift in Sources */,
				715783632CD024E800335AA4 /* PlaylistHeaderViewViewModel.swift in Sources */,
				719751002CCAB39C00809EBE /* AlbumDetailsResponse.swift in Sources */,
				7193822A2CD157C800BBC14E /* AlbumTrackCollectionViewCell.swift in Sources */,
				71CEA6932CC19CF400B2DD52 /* AppDelegate.swift in Sources */,
				71A3780A2CD476380087090F /* PlaybackPresenter.swift in Sources */,
				71CEA6942CC19CF400B2DD52 /* Constants.swift in Sources */,
				71DD45A42CD2B7DB00C0A119 /* SearchResultResponse.swift in Sources */,
				714AEDE72CC592DA007C2348 /* FeaturedPlaylistsResponse.swift in Sources */,
				71CEA6952CC19CF400B2DD52 /* Extensions.swift in Sources */,
				718330E22CD2988E00B8DA2C /* CategoryViewController.swift in Sources */,
				71C875B02CD7F806003923B5 /* LibraryPlaylistsResponse.swift in Sources */,
				71CEA6962CC19CF400B2DD52 /* SceneDelegate.swift in Sources */,
				719751022CCAB81500809EBE /* PlaylistDetailsResponse.swift in Sources */,
				714AEDEC2CC59E56007C2348 /* RecommendationsResponse.swift in Sources */,
			);
			runOnlyForDeploymentPostprocessing = 0;
		};
/* End PBXSourcesBuildPhase section */

/* Begin PBXVariantGroup section */
		71CEA6782CC19CF400B2DD52 /* LaunchScreen.storyboard */ = {
			isa = PBXVariantGroup;
			children = (
				71CEA6772CC19CF400B2DD52 /* Base */,
			);
			name = LaunchScreen.storyboard;
			sourceTree = "<group>";
		};
/* End PBXVariantGroup section */

/* Begin XCBuildConfiguration section */
		713A85D82CC0358400FFBF22 /* Debug */ = {
			isa = XCBuildConfiguration;
			baseConfigurationReference = B192410D94B513EADF9FF21E /* Pods-SpotifyClone.debug.xcconfig */;
			buildSettings = {
				ASSETCATALOG_COMPILER_APPICON_NAME = AppIcon;
				ASSETCATALOG_COMPILER_GLOBAL_ACCENT_COLOR_NAME = AccentColor;
				CODE_SIGN_STYLE = Automatic;
				CURRENT_PROJECT_VERSION = 1;
				ENABLE_USER_SCRIPT_SANDBOXING = NO;
				GENERATE_INFOPLIST_FILE = YES;
				INFOPLIST_FILE = SpotifyClone/Info.plist;
				INFOPLIST_KEY_CFBundleDisplayName = Spotify;
				INFOPLIST_KEY_UIApplicationSupportsIndirectInputEvents = YES;
				INFOPLIST_KEY_UILaunchStoryboardName = LaunchScreen;
				INFOPLIST_KEY_UISupportedInterfaceOrientations_iPad = "UIInterfaceOrientationPortrait UIInterfaceOrientationPortraitUpsideDown UIInterfaceOrientationLandscapeLeft UIInterfaceOrientationLandscapeRight";
				INFOPLIST_KEY_UISupportedInterfaceOrientations_iPhone = "UIInterfaceOrientationPortrait UIInterfaceOrientationLandscapeLeft UIInterfaceOrientationLandscapeRight";
				IPHONEOS_DEPLOYMENT_TARGET = 18.0;
				LD_RUNPATH_SEARCH_PATHS = (
					"$(inherited)",
					"@executable_path/Frameworks",
				);
				MARKETING_VERSION = 1.0;
				PRODUCT_BUNDLE_IDENTIFIER = com.archonie.SpotifyClone;
				PRODUCT_NAME = "$(TARGET_NAME)";
				SWIFT_EMIT_LOC_STRINGS = YES;
				SWIFT_VERSION = 5.0;
				TARGETED_DEVICE_FAMILY = "1,2";
			};
			name = Debug;
		};
		713A85D92CC0358400FFBF22 /* Release */ = {
			isa = XCBuildConfiguration;
			baseConfigurationReference = 40CFB211B71412C802C81C39 /* Pods-SpotifyClone.release.xcconfig */;
			buildSettings = {
				ASSETCATALOG_COMPILER_APPICON_NAME = AppIcon;
				ASSETCATALOG_COMPILER_GLOBAL_ACCENT_COLOR_NAME = AccentColor;
				CODE_SIGN_STYLE = Automatic;
				CURRENT_PROJECT_VERSION = 1;
				ENABLE_USER_SCRIPT_SANDBOXING = NO;
				GENERATE_INFOPLIST_FILE = YES;
				INFOPLIST_FILE = SpotifyClone/Info.plist;
				INFOPLIST_KEY_CFBundleDisplayName = Spotify;
				INFOPLIST_KEY_UIApplicationSupportsIndirectInputEvents = YES;
				INFOPLIST_KEY_UILaunchStoryboardName = LaunchScreen;
				INFOPLIST_KEY_UISupportedInterfaceOrientations_iPad = "UIInterfaceOrientationPortrait UIInterfaceOrientationPortraitUpsideDown UIInterfaceOrientationLandscapeLeft UIInterfaceOrientationLandscapeRight";
				INFOPLIST_KEY_UISupportedInterfaceOrientations_iPhone = "UIInterfaceOrientationPortrait UIInterfaceOrientationLandscapeLeft UIInterfaceOrientationLandscapeRight";
				IPHONEOS_DEPLOYMENT_TARGET = 18.0;
				LD_RUNPATH_SEARCH_PATHS = (
					"$(inherited)",
					"@executable_path/Frameworks",
				);
				MARKETING_VERSION = 1.0;
				PRODUCT_BUNDLE_IDENTIFIER = com.archonie.SpotifyClone;
				PRODUCT_NAME = "$(TARGET_NAME)";
				SWIFT_EMIT_LOC_STRINGS = YES;
				SWIFT_VERSION = 5.0;
				TARGETED_DEVICE_FAMILY = "1,2";
			};
			name = Release;
		};
		713A85DA2CC0358400FFBF22 /* Debug */ = {
			isa = XCBuildConfiguration;
			buildSettings = {
				ALWAYS_SEARCH_USER_PATHS = NO;
				ASSETCATALOG_COMPILER_GENERATE_SWIFT_ASSET_SYMBOL_EXTENSIONS = YES;
				CLANG_ANALYZER_NONNULL = YES;
				CLANG_ANALYZER_NUMBER_OBJECT_CONVERSION = YES_AGGRESSIVE;
				CLANG_CXX_LANGUAGE_STANDARD = "gnu++20";
				CLANG_ENABLE_MODULES = YES;
				CLANG_ENABLE_OBJC_ARC = YES;
				CLANG_ENABLE_OBJC_WEAK = YES;
				CLANG_WARN_BLOCK_CAPTURE_AUTORELEASING = YES;
				CLANG_WARN_BOOL_CONVERSION = YES;
				CLANG_WARN_COMMA = YES;
				CLANG_WARN_CONSTANT_CONVERSION = YES;
				CLANG_WARN_DEPRECATED_OBJC_IMPLEMENTATIONS = YES;
				CLANG_WARN_DIRECT_OBJC_ISA_USAGE = YES_ERROR;
				CLANG_WARN_DOCUMENTATION_COMMENTS = YES;
				CLANG_WARN_EMPTY_BODY = YES;
				CLANG_WARN_ENUM_CONVERSION = YES;
				CLANG_WARN_INFINITE_RECURSION = YES;
				CLANG_WARN_INT_CONVERSION = YES;
				CLANG_WARN_NON_LITERAL_NULL_CONVERSION = YES;
				CLANG_WARN_OBJC_IMPLICIT_RETAIN_SELF = YES;
				CLANG_WARN_OBJC_LITERAL_CONVERSION = YES;
				CLANG_WARN_OBJC_ROOT_CLASS = YES_ERROR;
				CLANG_WARN_QUOTED_INCLUDE_IN_FRAMEWORK_HEADER = YES;
				CLANG_WARN_RANGE_LOOP_ANALYSIS = YES;
				CLANG_WARN_STRICT_PROTOTYPES = YES;
				CLANG_WARN_SUSPICIOUS_MOVE = YES;
				CLANG_WARN_UNGUARDED_AVAILABILITY = YES_AGGRESSIVE;
				CLANG_WARN_UNREACHABLE_CODE = YES;
				CLANG_WARN__DUPLICATE_METHOD_MATCH = YES;
				COPY_PHASE_STRIP = NO;
				DEBUG_INFORMATION_FORMAT = dwarf;
				ENABLE_STRICT_OBJC_MSGSEND = YES;
				ENABLE_TESTABILITY = YES;
				ENABLE_USER_SCRIPT_SANDBOXING = NO;
				GCC_C_LANGUAGE_STANDARD = gnu17;
				GCC_DYNAMIC_NO_PIC = NO;
				GCC_NO_COMMON_BLOCKS = YES;
				GCC_OPTIMIZATION_LEVEL = 0;
				GCC_PREPROCESSOR_DEFINITIONS = (
					"DEBUG=1",
					"$(inherited)",
				);
				GCC_WARN_64_TO_32_BIT_CONVERSION = YES;
				GCC_WARN_ABOUT_RETURN_TYPE = YES_ERROR;
				GCC_WARN_UNDECLARED_SELECTOR = YES;
				GCC_WARN_UNINITIALIZED_AUTOS = YES_AGGRESSIVE;
				GCC_WARN_UNUSED_FUNCTION = YES;
				GCC_WARN_UNUSED_VARIABLE = YES;
				IPHONEOS_DEPLOYMENT_TARGET = 18.0;
				LOCALIZATION_PREFERS_STRING_CATALOGS = YES;
				MTL_ENABLE_DEBUG_INFO = INCLUDE_SOURCE;
				MTL_FAST_MATH = YES;
				ONLY_ACTIVE_ARCH = YES;
				SDKROOT = iphoneos;
				SWIFT_ACTIVE_COMPILATION_CONDITIONS = "DEBUG $(inherited)";
				SWIFT_OPTIMIZATION_LEVEL = "-Onone";
			};
			name = Debug;
		};
		713A85DB2CC0358400FFBF22 /* Release */ = {
			isa = XCBuildConfiguration;
			buildSettings = {
				ALWAYS_SEARCH_USER_PATHS = NO;
				ASSETCATALOG_COMPILER_GENERATE_SWIFT_ASSET_SYMBOL_EXTENSIONS = YES;
				CLANG_ANALYZER_NONNULL = YES;
				CLANG_ANALYZER_NUMBER_OBJECT_CONVERSION = YES_AGGRESSIVE;
				CLANG_CXX_LANGUAGE_STANDARD = "gnu++20";
				CLANG_ENABLE_MODULES = YES;
				CLANG_ENABLE_OBJC_ARC = YES;
				CLANG_ENABLE_OBJC_WEAK = YES;
				CLANG_WARN_BLOCK_CAPTURE_AUTORELEASING = YES;
				CLANG_WARN_BOOL_CONVERSION = YES;
				CLANG_WARN_COMMA = YES;
				CLANG_WARN_CONSTANT_CONVERSION = YES;
				CLANG_WARN_DEPRECATED_OBJC_IMPLEMENTATIONS = YES;
				CLANG_WARN_DIRECT_OBJC_ISA_USAGE = YES_ERROR;
				CLANG_WARN_DOCUMENTATION_COMMENTS = YES;
				CLANG_WARN_EMPTY_BODY = YES;
				CLANG_WARN_ENUM_CONVERSION = YES;
				CLANG_WARN_INFINITE_RECURSION = YES;
				CLANG_WARN_INT_CONVERSION = YES;
				CLANG_WARN_NON_LITERAL_NULL_CONVERSION = YES;
				CLANG_WARN_OBJC_IMPLICIT_RETAIN_SELF = YES;
				CLANG_WARN_OBJC_LITERAL_CONVERSION = YES;
				CLANG_WARN_OBJC_ROOT_CLASS = YES_ERROR;
				CLANG_WARN_QUOTED_INCLUDE_IN_FRAMEWORK_HEADER = YES;
				CLANG_WARN_RANGE_LOOP_ANALYSIS = YES;
				CLANG_WARN_STRICT_PROTOTYPES = YES;
				CLANG_WARN_SUSPICIOUS_MOVE = YES;
				CLANG_WARN_UNGUARDED_AVAILABILITY = YES_AGGRESSIVE;
				CLANG_WARN_UNREACHABLE_CODE = YES;
				CLANG_WARN__DUPLICATE_METHOD_MATCH = YES;
				COPY_PHASE_STRIP = NO;
				DEBUG_INFORMATION_FORMAT = "dwarf-with-dsym";
				ENABLE_NS_ASSERTIONS = NO;
				ENABLE_STRICT_OBJC_MSGSEND = YES;
				ENABLE_USER_SCRIPT_SANDBOXING = NO;
				GCC_C_LANGUAGE_STANDARD = gnu17;
				GCC_NO_COMMON_BLOCKS = YES;
				GCC_WARN_64_TO_32_BIT_CONVERSION = YES;
				GCC_WARN_ABOUT_RETURN_TYPE = YES_ERROR;
				GCC_WARN_UNDECLARED_SELECTOR = YES;
				GCC_WARN_UNINITIALIZED_AUTOS = YES_AGGRESSIVE;
				GCC_WARN_UNUSED_FUNCTION = YES;
				GCC_WARN_UNUSED_VARIABLE = YES;
				IPHONEOS_DEPLOYMENT_TARGET = 18.0;
				LOCALIZATION_PREFERS_STRING_CATALOGS = YES;
				MTL_ENABLE_DEBUG_INFO = NO;
				MTL_FAST_MATH = YES;
				SDKROOT = iphoneos;
				SWIFT_COMPILATION_MODE = wholemodule;
				VALIDATE_PRODUCT = YES;
			};
			name = Release;
		};
/* End XCBuildConfiguration section */

/* Begin XCConfigurationList section */
		713A85BF2CC0358300FFBF22 /* Build configuration list for PBXProject "SpotifyClone" */ = {
			isa = XCConfigurationList;
			buildConfigurations = (
				713A85DA2CC0358400FFBF22 /* Debug */,
				713A85DB2CC0358400FFBF22 /* Release */,
			);
			defaultConfigurationIsVisible = 0;
			defaultConfigurationName = Release;
		};
		713A85D72CC0358400FFBF22 /* Build configuration list for PBXNativeTarget "SpotifyClone" */ = {
			isa = XCConfigurationList;
			buildConfigurations = (
				713A85D82CC0358400FFBF22 /* Debug */,
				713A85D92CC0358400FFBF22 /* Release */,
			);
			defaultConfigurationIsVisible = 0;
			defaultConfigurationName = Release;
		};
/* End XCConfigurationList section */
	};
	rootObject = 713A85BC2CC0358300FFBF22 /* Project object */;
}
